# This file is automatically @generated by Poetry 1.8.3 and should not be changed by hand.

[[package]]
name = "polars"
version = "1.15.0"
description = "Blazingly fast DataFrame library"
optional = false
python-versions = ">=3.9"
files = [
    {file = "polars-1.15.0-cp39-abi3-macosx_10_12_x86_64.whl", hash = "sha256:d66ae8aae1a5b1273f7235173ad8022e479378eb36ff7ea6b1dd8224430d18bd"},
    {file = "polars-1.15.0-cp39-abi3-macosx_11_0_arm64.whl", hash = "sha256:537df3259543956248c62b636a4e00b11becb30f97d1b4bd80a9e11f46c038bd"},
    {file = "polars-1.15.0-cp39-abi3-manylinux_2_17_x86_64.manylinux2014_x86_64.whl", hash = "sha256:c6686bc8acaaed24f337ae1623536210370ab4d3099c1dbb79ccfc9ec083914a"},
    {file = "polars-1.15.0-cp39-abi3-manylinux_2_24_aarch64.whl", hash = "sha256:1d15b86b73653befd834e48418d759954daeb831a08b32cd21034c88378c4037"},
    {file = "polars-1.15.0-cp39-abi3-win_amd64.whl", hash = "sha256:e4602b715dc58b84e38102c9ffcc7738f078373415f55acf0760204443d62371"},
    {file = "polars-1.15.0.tar.gz", hash = "sha256:4f60a64ceb2e56fd0f9f403d4b6734e033876904d04cb9a29c43653c6b2b2d43"},
]

[package.extras]
adbc = ["adbc-driver-manager[dbapi]", "adbc-driver-sqlite[dbapi]"]
all = ["polars[async,cloudpickle,database,deltalake,excel,fsspec,graph,iceberg,numpy,pandas,plot,pyarrow,pydantic,style,timezone]"]
async = ["gevent"]
calamine = ["fastexcel (>=0.9)"]
cloudpickle = ["cloudpickle"]
connectorx = ["connectorx (>=0.3.2)"]
database = ["nest-asyncio", "polars[adbc,connectorx,sqlalchemy]"]
deltalake = ["deltalake (>=0.15.0)"]
excel = ["polars[calamine,openpyxl,xlsx2csv,xlsxwriter]"]
fsspec = ["fsspec"]
gpu = ["cudf-polars-cu12"]
graph = ["matplotlib"]
iceberg = ["pyiceberg (>=0.5.0)"]
numpy = ["numpy (>=1.16.0)"]
openpyxl = ["openpyxl (>=3.0.0)"]
pandas = ["pandas", "polars[pyarrow]"]
plot = ["altair (>=5.4.0)"]
pyarrow = ["pyarrow (>=7.0.0)"]
pydantic = ["pydantic"]
sqlalchemy = ["polars[pandas]", "sqlalchemy"]
style = ["great-tables (>=0.8.0)"]
timezone = ["backports-zoneinfo", "tzdata"]
xlsx2csv = ["xlsx2csv (>=0.8.0)"]
xlsxwriter = ["xlsxwriter"]

[metadata]
lock-version = "2.0"
python-versions = "^3.12"
content-hash = "56949973b653053bccf710d437209c0451341f415705525a36223986fe9fed3d"
